// !$*UTF8*$!
{
	archiveVersion = 1;
	classes = {
	};
	objectVersion = 56;
	objects = {

/* Begin PBXBuildFile section */
		B09477B328963D0C0048EE79 /* DevOpsDemoJKApp.swift in Sources */ = {isa = PBXBuildFile; fileRef = B09477B228963D0C0048EE79 /* DevOpsDemoJKApp.swift */; };
		B09477B528963D0C0048EE79 /* ContentView.swift in Sources */ = {isa = PBXBuildFile; fileRef = B09477B428963D0C0048EE79 /* ContentView.swift */; };
		B09477B728963D0F0048EE79 /* Assets.xcassets in Resources */ = {isa = PBXBuildFile; fileRef = B09477B628963D0F0048EE79 /* Assets.xcassets */; };
		B09477BA28963D0F0048EE79 /* Preview Assets.xcassets in Resources */ = {isa = PBXBuildFile; fileRef = B09477B928963D0F0048EE79 /* Preview Assets.xcassets */; };
		B09477C428963D100048EE79 /* DevOpsDemoJKTests.swift in Sources */ = {isa = PBXBuildFile; fileRef = B09477C328963D100048EE79 /* DevOpsDemoJKTests.swift */; };
		B09477CE28963D100048EE79 /* DevOpsDemoJKUITests.swift in Sources */ = {isa = PBXBuildFile; fileRef = B09477CD28963D100048EE79 /* DevOpsDemoJKUITests.swift */; };
		B09477D028963D100048EE79 /* DevOpsDemoJKUITestsLaunchTests.swift in Sources */ = {isa = PBXBuildFile; fileRef = B09477CF28963D100048EE79 /* DevOpsDemoJKUITestsLaunchTests.swift */; };
/* End PBXBuildFile section */

/* Begin PBXContainerItemProxy section */
		B09477C028963D100048EE79 /* PBXContainerItemProxy */ = {
			isa = PBXContainerItemProxy;
			containerPortal = B09477A728963D0C0048EE79 /* Project object */;
			proxyType = 1;
			remoteGlobalIDString = B09477AE28963D0C0048EE79;
			remoteInfo = DevOpsDemoJK;
		};
		B09477CA28963D100048EE79 /* PBXContainerItemProxy */ = {
			isa = PBXContainerItemProxy;
			containerPortal = B09477A728963D0C0048EE79 /* Project object */;
			proxyType = 1;
			remoteGlobalIDString = B09477AE28963D0C0048EE79;
			remoteInfo = DevOpsDemoJK;
		};
/* End PBXContainerItemProxy section */

/* Begin PBXFileReference section */
		B09477AF28963D0C0048EE79 /* DevOpsDemoJK.app */ = {isa = PBXFileReference; explicitFileType = wrapper.application; includeInIndex = 0; path = DevOpsDemoJK.app; sourceTree = BUILT_PRODUCTS_DIR; };
		B09477B228963D0C0048EE79 /* DevOpsDemoJKApp.swift */ = {isa = PBXFileReference; lastKnownFileType = sourcecode.swift; path = DevOpsDemoJKApp.swift; sourceTree = "<group>"; };
		B09477B428963D0C0048EE79 /* ContentView.swift */ = {isa = PBXFileReference; lastKnownFileType = sourcecode.swift; path = ContentView.swift; sourceTree = "<group>"; };
		B09477B628963D0F0048EE79 /* Assets.xcassets */ = {isa = PBXFileReference; lastKnownFileType = folder.assetcatalog; path = Assets.xcassets; sourceTree = "<group>"; };
		B09477B928963D0F0048EE79 /* Preview Assets.xcassets */ = {isa = PBXFileReference; lastKnownFileType = folder.assetcatalog; path = "Preview Assets.xcassets"; sourceTree = "<group>"; };
		B09477BF28963D100048EE79 /* DevOpsDemoJKTests.xctest */ = {isa = PBXFileReference; explicitFileType = wrapper.cfbundle; includeInIndex = 0; path = DevOpsDemoJKTests.xctest; sourceTree = BUILT_PRODUCTS_DIR; };
		B09477C328963D100048EE79 /* DevOpsDemoJKTests.swift */ = {isa = PBXFileReference; lastKnownFileType = sourcecode.swift; path = DevOpsDemoJKTests.swift; sourceTree = "<group>"; };
		B09477C928963D100048EE79 /* DevOpsDemoJKUITests.xctest */ = {isa = PBXFileReference; explicitFileType = wrapper.cfbundle; includeInIndex = 0; path = DevOpsDemoJKUITests.xctest; sourceTree = BUILT_PRODUCTS_DIR; };
		B09477CD28963D100048EE79 /* DevOpsDemoJKUITests.swift */ = {isa = PBXFileReference; lastKnownFileType = sourcecode.swift; path = DevOpsDemoJKUITests.swift; sourceTree = "<group>"; };
		B09477CF28963D100048EE79 /* DevOpsDemoJKUITestsLaunchTests.swift */ = {isa = PBXFileReference; lastKnownFileType = sourcecode.swift; path = DevOpsDemoJKUITestsLaunchTests.swift; sourceTree = "<group>"; };
/* End PBXFileReference section */

/* Begin PBXFrameworksBuildPhase section */
		B09477AC28963D0C0048EE79 /* Frameworks */ = {
			isa = PBXFrameworksBuildPhase;
			buildActionMask = 2147483647;
			files = (
			);
			runOnlyForDeploymentPostprocessing = 0;
		};
		B09477BC28963D100048EE79 /* Frameworks */ = {
			isa = PBXFrameworksBuildPhase;
			buildActionMask = 2147483647;
			files = (
			);
			runOnlyForDeploymentPostprocessing = 0;
		};
		B09477C628963D100048EE79 /* Frameworks */ = {
			isa = PBXFrameworksBuildPhase;
			buildActionMask = 2147483647;
			files = (
			);
			runOnlyForDeploymentPostprocessing = 0;
		};
/* End PBXFrameworksBuildPhase section */

/* Begin PBXGroup section */
		B09477A628963D0C0048EE79 = {
			isa = PBXGroup;
			children = (
				B09477B128963D0C0048EE79 /* DevOpsDemoJK */,
				B09477C228963D100048EE79 /* DevOpsDemoJKTests */,
				B09477CC28963D100048EE79 /* DevOpsDemoJKUITests */,
				B09477B028963D0C0048EE79 /* Products */,
			);
			sourceTree = "<group>";
		};
		B09477B028963D0C0048EE79 /* Products */ = {
			isa = PBXGroup;
			children = (
				B09477AF28963D0C0048EE79 /* DevOpsDemoJK.app */,
				B09477BF28963D100048EE79 /* DevOpsDemoJKTests.xctest */,
				B09477C928963D100048EE79 /* DevOpsDemoJKUITests.xctest */,
			);
			name = Products;
			sourceTree = "<group>";
		};
		B09477B128963D0C0048EE79 /* DevOpsDemoJK */ = {
			isa = PBXGroup;
			children = (
				B09477B228963D0C0048EE79 /* DevOpsDemoJKApp.swift */,
				B09477B428963D0C0048EE79 /* ContentView.swift */,
				B09477B628963D0F0048EE79 /* Assets.xcassets */,
				B09477B828963D0F0048EE79 /* Preview Content */,
			);
			path = DevOpsDemoJK;
			sourceTree = "<group>";
		};
		B09477B828963D0F0048EE79 /* Preview Content */ = {
			isa = PBXGroup;
			children = (
				B09477B928963D0F0048EE79 /* Preview Assets.xcassets */,
			);
			path = "Preview Content";
			sourceTree = "<group>";
		};
		B09477C228963D100048EE79 /* DevOpsDemoJKTests */ = {
			isa = PBXGroup;
			children = (
				B09477C328963D100048EE79 /* DevOpsDemoJKTests.swift */,
			);
			path = DevOpsDemoJKTests;
			sourceTree = "<group>";
		};
		B09477CC28963D100048EE79 /* DevOpsDemoJKUITests */ = {
			isa = PBXGroup;
			children = (
				B09477CD28963D100048EE79 /* DevOpsDemoJKUITests.swift */,
				B09477CF28963D100048EE79 /* DevOpsDemoJKUITestsLaunchTests.swift */,
			);
			path = DevOpsDemoJKUITests;
			sourceTree = "<group>";
		};
/* End PBXGroup section */

/* Begin PBXNativeTarget section */
		B09477AE28963D0C0048EE79 /* DevOpsDemoJK */ = {
			isa = PBXNativeTarget;
			buildConfigurationList = B09477D328963D100048EE79 /* Build configuration list for PBXNativeTarget "DevOpsDemoJK" */;
			buildPhases = (
				B09477AB28963D0C0048EE79 /* Sources */,
				B09477AC28963D0C0048EE79 /* Frameworks */,
				B09477AD28963D0C0048EE79 /* Resources */,
			);
			buildRules = (
			);
			dependencies = (
			);
			name = DevOpsDemoJK;
			productName = DevOpsDemoJK;
			productReference = B09477AF28963D0C0048EE79 /* DevOpsDemoJK.app */;
			productType = "com.apple.product-type.application";
		};
		B09477BE28963D100048EE79 /* DevOpsDemoJKTests */ = {
			isa = PBXNativeTarget;
			buildConfigurationList = B09477D628963D100048EE79 /* Build configuration list for PBXNativeTarget "DevOpsDemoJKTests" */;
			buildPhases = (
				B09477BB28963D100048EE79 /* Sources */,
				B09477BC28963D100048EE79 /* Frameworks */,
				B09477BD28963D100048EE79 /* Resources */,
			);
			buildRules = (
			);
			dependencies = (
				B09477C128963D100048EE79 /* PBXTargetDependency */,
			);
			name = DevOpsDemoJKTests;
			productName = DevOpsDemoJKTests;
			productReference = B09477BF28963D100048EE79 /* DevOpsDemoJKTests.xctest */;
			productType = "com.apple.product-type.bundle.unit-test";
		};
		B09477C828963D100048EE79 /* DevOpsDemoJKUITests */ = {
			isa = PBXNativeTarget;
			buildConfigurationList = B09477D928963D100048EE79 /* Build configuration list for PBXNativeTarget "DevOpsDemoJKUITests" */;
			buildPhases = (
				B09477C528963D100048EE79 /* Sources */,
				B09477C628963D100048EE79 /* Frameworks */,
				B09477C728963D100048EE79 /* Resources */,
			);
			buildRules = (
			);
			dependencies = (
				B09477CB28963D100048EE79 /* PBXTargetDependency */,
			);
			name = DevOpsDemoJKUITests;
			productName = DevOpsDemoJKUITests;
			productReference = B09477C928963D100048EE79 /* DevOpsDemoJKUITests.xctest */;
			productType = "com.apple.product-type.bundle.ui-testing";
		};
/* End PBXNativeTarget section */

/* Begin PBXProject section */
		B09477A728963D0C0048EE79 /* Project object */ = {
			isa = PBXProject;
			attributes = {
				BuildIndependentTargetsInParallel = 1;
				LastSwiftUpdateCheck = 1400;
				LastUpgradeCheck = 1400;
				TargetAttributes = {
					B09477AE28963D0C0048EE79 = {
						CreatedOnToolsVersion = 14.0;
					};
					B09477BE28963D100048EE79 = {
						CreatedOnToolsVersion = 14.0;
						TestTargetID = B09477AE28963D0C0048EE79;
					};
					B09477C828963D100048EE79 = {
						CreatedOnToolsVersion = 14.0;
						TestTargetID = B09477AE28963D0C0048EE79;
					};
				};
			};
			buildConfigurationList = B09477AA28963D0C0048EE79 /* Build configuration list for PBXProject "DevOpsDemoJK" */;
			compatibilityVersion = "Xcode 14.0";
			developmentRegion = en;
			hasScannedForEncodings = 0;
			knownRegions = (
				en,
				Base,
			);
			mainGroup = B09477A628963D0C0048EE79;
			productRefGroup = B09477B028963D0C0048EE79 /* Products */;
			projectDirPath = "";
			projectRoot = "";
			targets = (
				B09477AE28963D0C0048EE79 /* DevOpsDemoJK */,
				B09477BE28963D100048EE79 /* DevOpsDemoJKTests */,
				B09477C828963D100048EE79 /* DevOpsDemoJKUITests */,
			);
		};
/* End PBXProject section */

/* Begin PBXResourcesBuildPhase section */
		B09477AD28963D0C0048EE79 /* Resources */ = {
			isa = PBXResourcesBuildPhase;
			buildActionMask = 2147483647;
			files = (
				B09477BA28963D0F0048EE79 /* Preview Assets.xcassets in Resources */,
				B09477B728963D0F0048EE79 /* Assets.xcassets in Resources */,
			);
			runOnlyForDeploymentPostprocessing = 0;
		};
		B09477BD28963D100048EE79 /* Resources */ = {
			isa = PBXResourcesBuildPhase;
			buildActionMask = 2147483647;
			files = (
			);
			runOnlyForDeploymentPostprocessing = 0;
		};
		B09477C728963D100048EE79 /* Resources */ = {
			isa = PBXResourcesBuildPhase;
			buildActionMask = 2147483647;
			files = (
			);
			runOnlyForDeploymentPostprocessing = 0;
		};
/* End PBXResourcesBuildPhase section */

/* Begin PBXSourcesBuildPhase section */
		B09477AB28963D0C0048EE79 /* Sources */ = {
			isa = PBXSourcesBuildPhase;
			buildActionMask = 2147483647;
			files = (
				B09477B528963D0C0048EE79 /* ContentView.swift in Sources */,
				B09477B328963D0C0048EE79 /* DevOpsDemoJKApp.swift in Sources */,
			);
			runOnlyForDeploymentPostprocessing = 0;
		};
		B09477BB28963D100048EE79 /* Sources */ = {
			isa = PBXSourcesBuildPhase;
			buildActionMask = 2147483647;
			files = (
				B09477C428963D100048EE79 /* DevOpsDemoJKTests.swift in Sources */,
			);
			runOnlyForDeploymentPostprocessing = 0;
		};
		B09477C528963D100048EE79 /* Sources */ = {
			isa = PBXSourcesBuildPhase;
			buildActionMask = 2147483647;
			files = (
				B09477CE28963D100048EE79 /* DevOpsDemoJKUITests.swift in Sources */,
				B09477D028963D100048EE79 /* DevOpsDemoJKUITestsLaunchTests.swift in Sources */,
			);
			runOnlyForDeploymentPostprocessing = 0;
		};
/* End PBXSourcesBuildPhase section */

/* Begin PBXTargetDependency section */
		B09477C128963D100048EE79 /* PBXTargetDependency */ = {
			isa = PBXTargetDependency;
			target = B09477AE28963D0C0048EE79 /* DevOpsDemoJK */;
			targetProxy = B09477C028963D100048EE79 /* PBXContainerItemProxy */;
		};
		B09477CB28963D100048EE79 /* PBXTargetDependency */ = {
			isa = PBXTargetDependency;
			target = B09477AE28963D0C0048EE79 /* DevOpsDemoJK */;
			targetProxy = B09477CA28963D100048EE79 /* PBXContainerItemProxy */;
		};
/* End PBXTargetDependency section */

/* Begin XCBuildConfiguration section */
		B09477D128963D100048EE79 /* Debug */ = {
			isa = XCBuildConfiguration;
			buildSettings = {
				ALWAYS_SEARCH_USER_PATHS = NO;
				CLANG_ANALYZER_NONNULL = YES;
				CLANG_ANALYZER_NUMBER_OBJECT_CONVERSION = YES_AGGRESSIVE;
				CLANG_CXX_LANGUAGE_STANDARD = "gnu++20";
				CLANG_ENABLE_MODULES = YES;
				CLANG_ENABLE_OBJC_ARC = YES;
				CLANG_ENABLE_OBJC_WEAK = YES;
				CLANG_WARN_BLOCK_CAPTURE_AUTORELEASING = YES;
				CLANG_WARN_BOOL_CONVERSION = YES;
				CLANG_WARN_COMMA = YES;
				CLANG_WARN_CONSTANT_CONVERSION = YES;
				CLANG_WARN_DEPRECATED_OBJC_IMPLEMENTATIONS = YES;
				CLANG_WARN_DIRECT_OBJC_ISA_USAGE = YES_ERROR;
				CLANG_WARN_DOCUMENTATION_COMMENTS = YES;
				CLANG_WARN_EMPTY_BODY = YES;
				CLANG_WARN_ENUM_CONVERSION = YES;
				CLANG_WARN_INFINITE_RECURSION = YES;
				CLANG_WARN_INT_CONVERSION = YES;
				CLANG_WARN_NON_LITERAL_NULL_CONVERSION = YES;
				CLANG_WARN_OBJC_IMPLICIT_RETAIN_SELF = YES;
				CLANG_WARN_OBJC_LITERAL_CONVERSION = YES;
				CLANG_WARN_OBJC_ROOT_CLASS = YES_ERROR;
				CLANG_WARN_QUOTED_INCLUDE_IN_FRAMEWORK_HEADER = YES;
				CLANG_WARN_RANGE_LOOP_ANALYSIS = YES;
				CLANG_WARN_STRICT_PROTOTYPES = YES;
				CLANG_WARN_SUSPICIOUS_MOVE = YES;
				CLANG_WARN_UNGUARDED_AVAILABILITY = YES_AGGRESSIVE;
				CLANG_WARN_UNREACHABLE_CODE = YES;
				CLANG_WARN__DUPLICATE_METHOD_MATCH = YES;
				COPY_PHASE_STRIP = NO;
				DEBUG_INFORMATION_FORMAT = dwarf;
				ENABLE_STRICT_OBJC_MSGSEND = YES;
				ENABLE_TESTABILITY = YES;
				GCC_C_LANGUAGE_STANDARD = gnu11;
				GCC_DYNAMIC_NO_PIC = NO;
				GCC_NO_COMMON_BLOCKS = YES;
				GCC_OPTIMIZATION_LEVEL = 0;
				GCC_PREPROCESSOR_DEFINITIONS = (
					"DEBUG=1",
					"$(inherited)",
				);
				GCC_WARN_64_TO_32_BIT_CONVERSION = YES;
				GCC_WARN_ABOUT_RETURN_TYPE = YES_ERROR;
				GCC_WARN_UNDECLARED_SELECTOR = YES;
				GCC_WARN_UNINITIALIZED_AUTOS = YES_AGGRESSIVE;
				GCC_WARN_UNUSED_FUNCTION = YES;
				GCC_WARN_UNUSED_VARIABLE = YES;
				IPHONEOS_DEPLOYMENT_TARGET = 16.0;
				MTL_ENABLE_DEBUG_INFO = INCLUDE_SOURCE;
				MTL_FAST_MATH = YES;
				ONLY_ACTIVE_ARCH = YES;
				SDKROOT = iphoneos;
				SWIFT_ACTIVE_COMPILATION_CONDITIONS = DEBUG;
				SWIFT_OPTIMIZATION_LEVEL = "-Onone";
			};
			name = Debug;
		};
		B09477D228963D100048EE79 /* Release */ = {
			isa = XCBuildConfiguration;
			buildSettings = {
				ALWAYS_SEARCH_USER_PATHS = NO;
				CLANG_ANALYZER_NONNULL = YES;
				CLANG_ANALYZER_NUMBER_OBJECT_CONVERSION = YES_AGGRESSIVE;
				CLANG_CXX_LANGUAGE_STANDARD = "gnu++20";
				CLANG_ENABLE_MODULES = YES;
				CLANG_ENABLE_OBJC_ARC = YES;
				CLANG_ENABLE_OBJC_WEAK = YES;
				CLANG_WARN_BLOCK_CAPTURE_AUTORELEASING = YES;
				CLANG_WARN_BOOL_CONVERSION = YES;
				CLANG_WARN_COMMA = YES;
				CLANG_WARN_CONSTANT_CONVERSION = YES;
				CLANG_WARN_DEPRECATED_OBJC_IMPLEMENTATIONS = YES;
				CLANG_WARN_DIRECT_OBJC_ISA_USAGE = YES_ERROR;
				CLANG_WARN_DOCUMENTATION_COMMENTS = YES;
				CLANG_WARN_EMPTY_BODY = YES;
				CLANG_WARN_ENUM_CONVERSION = YES;
				CLANG_WARN_INFINITE_RECURSION = YES;
				CLANG_WARN_INT_CONVERSION = YES;
				CLANG_WARN_NON_LITERAL_NULL_CONVERSION = YES;
				CLANG_WARN_OBJC_IMPLICIT_RETAIN_SELF = YES;
				CLANG_WARN_OBJC_LITERAL_CONVERSION = YES;
				CLANG_WARN_OBJC_ROOT_CLASS = YES_ERROR;
				CLANG_WARN_QUOTED_INCLUDE_IN_FRAMEWORK_HEADER = YES;
				CLANG_WARN_RANGE_LOOP_ANALYSIS = YES;
				CLANG_WARN_STRICT_PROTOTYPES = YES;
				CLANG_WARN_SUSPICIOUS_MOVE = YES;
				CLANG_WARN_UNGUARDED_AVAILABILITY = YES_AGGRESSIVE;
				CLANG_WARN_UNREACHABLE_CODE = YES;
				CLANG_WARN__DUPLICATE_METHOD_MATCH = YES;
				COPY_PHASE_STRIP = NO;
				DEBUG_INFORMATION_FORMAT = "dwarf-with-dsym";
				ENABLE_NS_ASSERTIONS = NO;
				ENABLE_STRICT_OBJC_MSGSEND = YES;
				GCC_C_LANGUAGE_STANDARD = gnu11;
				GCC_NO_COMMON_BLOCKS = YES;
				GCC_WARN_64_TO_32_BIT_CONVERSION = YES;
				GCC_WARN_ABOUT_RETURN_TYPE = YES_ERROR;
				GCC_WARN_UNDECLARED_SELECTOR = YES;
				GCC_WARN_UNINITIALIZED_AUTOS = YES_AGGRESSIVE;
				GCC_WARN_UNUSED_FUNCTION = YES;
				GCC_WARN_UNUSED_VARIABLE = YES;
				IPHONEOS_DEPLOYMENT_TARGET = 16.0;
				MTL_ENABLE_DEBUG_INFO = NO;
				MTL_FAST_MATH = YES;
				SDKROOT = iphoneos;
				SWIFT_COMPILATION_MODE = wholemodule;
				SWIFT_OPTIMIZATION_LEVEL = "-O";
				VALIDATE_PRODUCT = YES;
			};
			name = Release;
		};
		B09477D428963D100048EE79 /* Debug */ = {
			isa = XCBuildConfiguration;
			buildSettings = {
				ASSETCATALOG_COMPILER_APPICON_NAME = AppIcon;
				ASSETCATALOG_COMPILER_GLOBAL_ACCENT_COLOR_NAME = AccentColor;
				CODE_SIGN_STYLE = Automatic;
				CURRENT_PROJECT_VERSION = 1;
				DEVELOPMENT_ASSET_PATHS = "\"DevOpsDemoJK/Preview Content\"";
				DEVELOPMENT_TEAM = 35LP2J4K8K;
				ENABLE_PREVIEWS = YES;
				GENERATE_INFOPLIST_FILE = YES;
				INFOPLIST_KEY_UIApplicationSceneManifest_Generation = YES;
				INFOPLIST_KEY_UIApplicationSupportsIndirectInputEvents = YES;
				INFOPLIST_KEY_UILaunchScreen_Generation = YES;
				INFOPLIST_KEY_UISupportedInterfaceOrientations_iPad = "UIInterfaceOrientationPortrait UIInterfaceOrientationPortraitUpsideDown UIInterfaceOrientationLandscapeLeft UIInterfaceOrientationLandscapeRight";
				INFOPLIST_KEY_UISupportedInterfaceOrientations_iPhone = "UIInterfaceOrientationPortrait UIInterfaceOrientationLandscapeLeft UIInterfaceOrientationLandscapeRight";
				LD_RUNPATH_SEARCH_PATHS = (
					"$(inherited)",
					"@executable_path/Frameworks",
				);
				MARKETING_VERSION = 1.0;
				PRODUCT_BUNDLE_IDENTIFIER = NA.DevOpsDemoJK;
				PRODUCT_NAME = "$(TARGET_NAME)";
				SWIFT_EMIT_LOC_STRINGS = YES;
				SWIFT_VERSION = 5.0;
				TARGETED_DEVICE_FAMILY = "1,2";
			};
			name = Debug;
		};
		B09477D528963D100048EE79 /* Release */ = {
			isa = XCBuildConfiguration;
			buildSettings = {
				ASSETCATALOG_COMPILER_APPICON_NAME = AppIcon;
				ASSETCATALOG_COMPILER_GLOBAL_ACCENT_COLOR_NAME = AccentColor;
				CODE_SIGN_STYLE = Automatic;
				CURRENT_PROJECT_VERSION = 1;
				DEVELOPMENT_ASSET_PATHS = "\"DevOpsDemoJK/Preview Content\"";
				DEVELOPMENT_TEAM = 35LP2J4K8K;
				ENABLE_PREVIEWS = YES;
				GENERATE_INFOPLIST_FILE = YES;
				INFOPLIST_KEY_UIApplicationSceneManifest_Generation = YES;
				INFOPLIST_KEY_UIApplicationSupportsIndirectInputEvents = YES;
				INFOPLIST_KEY_UILaunchScreen_Generation = YES;
				INFOPLIST_KEY_UISupportedInterfaceOrientations_iPad = "UIInterfaceOrientationPortrait UIInterfaceOrientationPortraitUpsideDown UIInterfaceOrientationLandscapeLeft UIInterfaceOrientationLandscapeRight";
				INFOPLIST_KEY_UISupportedInterfaceOrientations_iPhone = "UIInterfaceOrientationPortrait UIInterfaceOrientationLandscapeLeft UIInterfaceOrientationLandscapeRight";
				LD_RUNPATH_SEARCH_PATHS = (
					"$(inherited)",
					"@executable_path/Frameworks",
				);
				MARKETING_VERSION = 1.0;
				PRODUCT_BUNDLE_IDENTIFIER = NA.DevOpsDemoJK;
				PRODUCT_NAME = "$(TARGET_NAME)";
				SWIFT_EMIT_LOC_STRINGS = YES;
				SWIFT_VERSION = 5.0;
				TARGETED_DEVICE_FAMILY = "1,2";
			};
			name = Release;
		};
		B09477D728963D100048EE79 /* Debug */ = {
			isa = XCBuildConfiguration;
			buildSettings = {
				ALWAYS_EMBED_SWIFT_STANDARD_LIBRARIES = YES;
				BUNDLE_LOADER = "$(TEST_HOST)";
				CODE_SIGN_STYLE = Automatic;
				CURRENT_PROJECT_VERSION = 1;
				DEVELOPMENT_TEAM = 35LP2J4K8K;
				GENERATE_INFOPLIST_FILE = YES;
				IPHONEOS_DEPLOYMENT_TARGET = 16.0;
				MARKETING_VERSION = 1.0;
				PRODUCT_BUNDLE_IDENTIFIER = NA.DevOpsDemoJKTests;
				PRODUCT_NAME = "$(TARGET_NAME)";
				SWIFT_EMIT_LOC_STRINGS = NO;
				SWIFT_VERSION = 5.0;
				TARGETED_DEVICE_FAMILY = "1,2";
				TEST_HOST = "$(BUILT_PRODUCTS_DIR)/DevOpsDemoJK.app/$(BUNDLE_EXECUTABLE_FOLDER_PATH)/DevOpsDemoJK";
			};
			name = Debug;
		};
		B09477D828963D100048EE79 /* Release */ = {
			isa = XCBuildConfiguration;
			buildSettings = {
				ALWAYS_EMBED_SWIFT_STANDARD_LIBRARIES = YES;
				BUNDLE_LOADER = "$(TEST_HOST)";
				CODE_SIGN_STYLE = Automatic;
				CURRENT_PROJECT_VERSION = 1;
				DEVELOPMENT_TEAM = 35LP2J4K8K;
				GENERATE_INFOPLIST_FILE = YES;
				IPHONEOS_DEPLOYMENT_TARGET = 16.0;
				MARKETING_VERSION = 1.0;
				PRODUCT_BUNDLE_IDENTIFIER = NA.DevOpsDemoJKTests;
				PRODUCT_NAME = "$(TARGET_NAME)";
				SWIFT_EMIT_LOC_STRINGS = NO;
				SWIFT_VERSION = 5.0;
				TARGETED_DEVICE_FAMILY = "1,2";
				TEST_HOST = "$(BUILT_PRODUCTS_DIR)/DevOpsDemoJK.app/$(BUNDLE_EXECUTABLE_FOLDER_PATH)/DevOpsDemoJK";
			};
			name = Release;
		};
		B09477DA28963D100048EE79 /* Debug */ = {
			isa = XCBuildConfiguration;
			buildSettings = {
				ALWAYS_EMBED_SWIFT_STANDARD_LIBRARIES = YES;
				CODE_SIGN_STYLE = Automatic;
				CURRENT_PROJECT_VERSION = 1;
				DEVELOPMENT_TEAM = 35LP2J4K8K;
				GENERATE_INFOPLIST_FILE = YES;
				MARKETING_VERSION = 1.0;
				PRODUCT_BUNDLE_IDENTIFIER = NA.DevOpsDemoJKUITests;
				PRODUCT_NAME = "$(TARGET_NAME)";
				SWIFT_EMIT_LOC_STRINGS = NO;
				SWIFT_VERSION = 5.0;
				TARGETED_DEVICE_FAMILY = "1,2";
				TEST_TARGET_NAME = DevOpsDemoJK;
			};
			name = Debug;
		};
		B09477DB28963D100048EE79 /* Release */ = {
			isa = XCBuildConfiguration;
			buildSettings = {
				ALWAYS_EMBED_SWIFT_STANDARD_LIBRARIES = YES;
				CODE_SIGN_STYLE = Automatic;
				CURRENT_PROJECT_VERSION = 1;
				DEVELOPMENT_TEAM = 35LP2J4K8K;
				GENERATE_INFOPLIST_FILE = YES;
				MARKETING_VERSION = 1.0;
				PRODUCT_BUNDLE_IDENTIFIER = NA.DevOpsDemoJKUITests;
				PRODUCT_NAME = "$(TARGET_NAME)";
				SWIFT_EMIT_LOC_STRINGS = NO;
				SWIFT_VERSION = 5.0;
				TARGETED_DEVICE_FAMILY = "1,2";
				TEST_TARGET_NAME = DevOpsDemoJK;
			};
			name = Release;
		};
/* End XCBuildConfiguration section */

/* Begin XCConfigurationList section */
		B09477AA28963D0C0048EE79 /* Build configuration list for PBXProject "DevOpsDemoJK" */ = {
			isa = XCConfigurationList;
			buildConfigurations = (
				B09477D128963D100048EE79 /* Debug */,
				B09477D228963D100048EE79 /* Release */,
			);
			defaultConfigurationIsVisible = 0;
			defaultConfigurationName = Release;
		};
		B09477D328963D100048EE79 /* Build configuration list for PBXNativeTarget "DevOpsDemoJK" */ = {
			isa = XCConfigurationList;
			buildConfigurations = (
				B09477D428963D100048EE79 /* Debug */,
				B09477D528963D100048EE79 /* Release */,
			);
			defaultConfigurationIsVisible = 0;
			defaultConfigurationName = Release;
		};
		B09477D628963D100048EE79 /* Build configuration list for PBXNativeTarget "DevOpsDemoJKTests" */ = {
			isa = XCConfigurationList;
			buildConfigurations = (
				B09477D728963D100048EE79 /* Debug */,
				B09477D828963D100048EE79 /* Release */,
			);
			defaultConfigurationIsVisible = 0;
			defaultConfigurationName = Release;
		};
		B09477D928963D100048EE79 /* Build configuration list for PBXNativeTarget "DevOpsDemoJKUITests" */ = {
			isa = XCConfigurationList;
			buildConfigurations = (
				B09477DA28963D100048EE79 /* Debug */,
				B09477DB28963D100048EE79 /* Release */,
			);
			defaultConfigurationIsVisible = 0;
			defaultConfigurationName = Release;
		};
/* End XCConfigurationList section */
	};
	rootObject = B09477A728963D0C0048EE79 /* Project object */;
}
